// !$*UTF8*$!
{
	archiveVersion = 1;
	classes = {
	};
	objectVersion = 48;
	objects = {

/* Begin PBXBuildFile section */
		5D4B55B64E04DAD822B3F0A0 /* Pods_DoughFlow.framework in Frameworks */ = {isa = PBXBuildFile; fileRef = 537377BCA694C1D17812B600 /* Pods_DoughFlow.framework */; };
		847CAE8920572F050087AF6D /* Item.swift in Sources */ = {isa = PBXBuildFile; fileRef = 847CAE8820572F050087AF6D /* Item.swift */; };
		847CAE8B20572F820087AF6D /* MainViewController.swift in Sources */ = {isa = PBXBuildFile; fileRef = 847CAE8A20572F820087AF6D /* MainViewController.swift */; };
		847CAE8D20573BDC0087AF6D /* ItemInfoViewController.swift in Sources */ = {isa = PBXBuildFile; fileRef = 847CAE8C20573BDC0087AF6D /* ItemInfoViewController.swift */; };
		847CAE8F2057874F0087AF6D /* AddItemViewController.swift in Sources */ = {isa = PBXBuildFile; fileRef = 847CAE8E2057874F0087AF6D /* AddItemViewController.swift */; };
		84813D922051AFA90045D56C /* AppDelegate.swift in Sources */ = {isa = PBXBuildFile; fileRef = 84813D912051AFA90045D56C /* AppDelegate.swift */; };
		84813D942051AFA90045D56C /* SalaryInfoViewController.swift in Sources */ = {isa = PBXBuildFile; fileRef = 84813D932051AFA90045D56C /* SalaryInfoViewController.swift */; };
		84813D972051AFA90045D56C /* Main.storyboard in Resources */ = {isa = PBXBuildFile; fileRef = 84813D952051AFA90045D56C /* Main.storyboard */; };
		84813D992051AFA90045D56C /* Assets.xcassets in Resources */ = {isa = PBXBuildFile; fileRef = 84813D982051AFA90045D56C /* Assets.xcassets */; };
		84813D9C2051AFA90045D56C /* LaunchScreen.storyboard in Resources */ = {isa = PBXBuildFile; fileRef = 84813D9A2051AFA90045D56C /* LaunchScreen.storyboard */; };
		84813DA62052FBAD0045D56C /* UIViewControllerExtension.swift in Sources */ = {isa = PBXBuildFile; fileRef = 84813DA52052FBAD0045D56C /* UIViewControllerExtension.swift */; };
/* End PBXBuildFile section */

/* Begin PBXFileReference section */
		301C519B706298EA1AB81AA1 /* Pods-DoughFlow.debug.xcconfig */ = {isa = PBXFileReference; includeInIndex = 1; lastKnownFileType = text.xcconfig; name = "Pods-DoughFlow.debug.xcconfig"; path = "Pods/Target Support Files/Pods-DoughFlow/Pods-DoughFlow.debug.xcconfig"; sourceTree = "<group>"; };
		4B658C2E0B4EBF5A92E6186B /* Pods-DoughFlow.release.xcconfig */ = {isa = PBXFileReference; includeInIndex = 1; lastKnownFileType = text.xcconfig; name = "Pods-DoughFlow.release.xcconfig"; path = "Pods/Target Support Files/Pods-DoughFlow/Pods-DoughFlow.release.xcconfig"; sourceTree = "<group>"; };
		537377BCA694C1D17812B600 /* Pods_DoughFlow.framework */ = {isa = PBXFileReference; explicitFileType = wrapper.framework; includeInIndex = 0; path = Pods_DoughFlow.framework; sourceTree = BUILT_PRODUCTS_DIR; };
		847CAE8820572F050087AF6D /* Item.swift */ = {isa = PBXFileReference; lastKnownFileType = sourcecode.swift; path = Item.swift; sourceTree = "<group>"; };
		847CAE8A20572F820087AF6D /* MainViewController.swift */ = {isa = PBXFileReference; lastKnownFileType = sourcecode.swift; path = MainViewController.swift; sourceTree = "<group>"; };
		847CAE8C20573BDC0087AF6D /* ItemInfoViewController.swift */ = {isa = PBXFileReference; lastKnownFileType = sourcecode.swift; path = ItemInfoViewController.swift; sourceTree = "<group>"; };
		847CAE8E2057874F0087AF6D /* AddItemViewController.swift */ = {isa = PBXFileReference; lastKnownFileType = sourcecode.swift; path = AddItemViewController.swift; sourceTree = "<group>"; };
		84813D8E2051AFA90045D56C /* DoughFlow.app */ = {isa = PBXFileReference; explicitFileType = wrapper.application; includeInIndex = 0; path = DoughFlow.app; sourceTree = BUILT_PRODUCTS_DIR; };
		84813D912051AFA90045D56C /* AppDelegate.swift */ = {isa = PBXFileReference; lastKnownFileType = sourcecode.swift; path = AppDelegate.swift; sourceTree = "<group>"; };
		84813D932051AFA90045D56C /* SalaryInfoViewController.swift */ = {isa = PBXFileReference; lastKnownFileType = sourcecode.swift; path = SalaryInfoViewController.swift; sourceTree = "<group>"; };
		84813D962051AFA90045D56C /* Base */ = {isa = PBXFileReference; lastKnownFileType = file.storyboard; name = Base; path = Base.lproj/Main.storyboard; sourceTree = "<group>"; };
		84813D982051AFA90045D56C /* Assets.xcassets */ = {isa = PBXFileReference; lastKnownFileType = folder.assetcatalog; path = Assets.xcassets; sourceTree = "<group>"; };
		84813D9B2051AFA90045D56C /* Base */ = {isa = PBXFileReference; lastKnownFileType = file.storyboard; name = Base; path = Base.lproj/LaunchScreen.storyboard; sourceTree = "<group>"; };
		84813D9D2051AFA90045D56C /* Info.plist */ = {isa = PBXFileReference; lastKnownFileType = text.plist.xml; path = Info.plist; sourceTree = "<group>"; };
		84813DA52052FBAD0045D56C /* UIViewControllerExtension.swift */ = {isa = PBXFileReference; lastKnownFileType = sourcecode.swift; path = UIViewControllerExtension.swift; sourceTree = "<group>"; };
/* End PBXFileReference section */

/* Begin PBXFrameworksBuildPhase section */
		84813D8B2051AFA90045D56C /* Frameworks */ = {
			isa = PBXFrameworksBuildPhase;
			buildActionMask = 2147483647;
			files = (
				5D4B55B64E04DAD822B3F0A0 /* Pods_DoughFlow.framework in Frameworks */,
			);
			runOnlyForDeploymentPostprocessing = 0;
		};
/* End PBXFrameworksBuildPhase section */

/* Begin PBXGroup section */
		34B80294F6536554DAA6D523 /* Pods */ = {
			isa = PBXGroup;
			children = (
				301C519B706298EA1AB81AA1 /* Pods-DoughFlow.debug.xcconfig */,
				4B658C2E0B4EBF5A92E6186B /* Pods-DoughFlow.release.xcconfig */,
			);
			name = Pods;
			sourceTree = "<group>";
		};
		847CAE8720572EE00087AF6D /* Model */ = {
			isa = PBXGroup;
			children = (
				847CAE8820572F050087AF6D /* Item.swift */,
			);
			path = Model;
			sourceTree = "<group>";
		};
		84813D852051AFA90045D56C = {
			isa = PBXGroup;
			children = (
				84813D902051AFA90045D56C /* DoughFlow */,
				84813D8F2051AFA90045D56C /* Products */,
				34B80294F6536554DAA6D523 /* Pods */,
				E726ED5D489F7433C418EC55 /* Frameworks */,
			);
			sourceTree = "<group>";
		};
		84813D8F2051AFA90045D56C /* Products */ = {
			isa = PBXGroup;
			children = (
				84813D8E2051AFA90045D56C /* DoughFlow.app */,
			);
			name = Products;
			sourceTree = "<group>";
		};
		84813D902051AFA90045D56C /* DoughFlow */ = {
			isa = PBXGroup;
			children = (
				84813D912051AFA90045D56C /* AppDelegate.swift */,
				847CAE8720572EE00087AF6D /* Model */,
				84813DA32051BA150045D56C /* View */,
				84813DA42051BA1E0045D56C /* Controller */,
				84813D982051AFA90045D56C /* Assets.xcassets */,
				84813D9A2051AFA90045D56C /* LaunchScreen.storyboard */,
				84813D9D2051AFA90045D56C /* Info.plist */,
			);
			path = DoughFlow;
			sourceTree = "<group>";
		};
		84813DA32051BA150045D56C /* View */ = {
			isa = PBXGroup;
			children = (
				84813D952051AFA90045D56C /* Main.storyboard */,
			);
			path = View;
			sourceTree = "<group>";
		};
		84813DA42051BA1E0045D56C /* Controller */ = {
			isa = PBXGroup;
			children = (
				847CAE8A20572F820087AF6D /* MainViewController.swift */,
				84813D932051AFA90045D56C /* SalaryInfoViewController.swift */,
				84813DA52052FBAD0045D56C /* UIViewControllerExtension.swift */,
				847CAE8C20573BDC0087AF6D /* ItemInfoViewController.swift */,
				847CAE8E2057874F0087AF6D /* AddItemViewController.swift */,
			);
			path = Controller;
			sourceTree = "<group>";
		};
		E726ED5D489F7433C418EC55 /* Frameworks */ = {
			isa = PBXGroup;
			children = (
				537377BCA694C1D17812B600 /* Pods_DoughFlow.framework */,
			);
			name = Frameworks;
			sourceTree = "<group>";
		};
/* End PBXGroup section */

/* Begin PBXNativeTarget section */
		84813D8D2051AFA90045D56C /* DoughFlow */ = {
			isa = PBXNativeTarget;
			buildConfigurationList = 84813DA02051AFA90045D56C /* Build configuration list for PBXNativeTarget "DoughFlow" */;
			buildPhases = (
				CFD9C3B45152E4304137CC01 /* [CP] Check Pods Manifest.lock */,
				84813D8A2051AFA90045D56C /* Sources */,
				84813D8B2051AFA90045D56C /* Frameworks */,
				84813D8C2051AFA90045D56C /* Resources */,
				B09ED051E90AECB4322B3F67 /* [CP] Embed Pods Frameworks */,
			);
			buildRules = (
			);
			dependencies = (
			);
			name = DoughFlow;
			productName = DoughFlow;
			productReference = 84813D8E2051AFA90045D56C /* DoughFlow.app */;
			productType = "com.apple.product-type.application";
		};
/* End PBXNativeTarget section */

/* Begin PBXProject section */
		84813D862051AFA90045D56C /* Project object */ = {
			isa = PBXProject;
			attributes = {
				LastSwiftUpdateCheck = 0920;
				LastUpgradeCheck = 0930;
				ORGANIZATIONNAME = DoughDoughTech;
				TargetAttributes = {
					84813D8D2051AFA90045D56C = {
						CreatedOnToolsVersion = 9.2;
						ProvisioningStyle = Automatic;
					};
				};
			};
			buildConfigurationList = 84813D892051AFA90045D56C /* Build configuration list for PBXProject "DoughFlow" */;
			compatibilityVersion = "Xcode 8.0";
			developmentRegion = en;
			hasScannedForEncodings = 0;
			knownRegions = (
				en,
				Base,
			);
			mainGroup = 84813D852051AFA90045D56C;
			productRefGroup = 84813D8F2051AFA90045D56C /* Products */;
			projectDirPath = "";
			projectRoot = "";
			targets = (
				84813D8D2051AFA90045D56C /* DoughFlow */,
			);
		};
/* End PBXProject section */

/* Begin PBXResourcesBuildPhase section */
		84813D8C2051AFA90045D56C /* Resources */ = {
			isa = PBXResourcesBuildPhase;
			buildActionMask = 2147483647;
			files = (
				84813D9C2051AFA90045D56C /* LaunchScreen.storyboard in Resources */,
				84813D992051AFA90045D56C /* Assets.xcassets in Resources */,
				84813D972051AFA90045D56C /* Main.storyboard in Resources */,
			);
			runOnlyForDeploymentPostprocessing = 0;
		};
/* End PBXResourcesBuildPhase section */

/* Begin PBXShellScriptBuildPhase section */
		B09ED051E90AECB4322B3F67 /* [CP] Embed Pods Frameworks */ = {
			isa = PBXShellScriptBuildPhase;
			buildActionMask = 2147483647;
			files = (
			);
			inputPaths = (
				"${SRCROOT}/Pods/Target Support Files/Pods-DoughFlow/Pods-DoughFlow-frameworks.sh",
				"${BUILT_PRODUCTS_DIR}/ChameleonFramework/ChameleonFramework.framework",
				"${BUILT_PRODUCTS_DIR}/Realm/Realm.framework",
				"${BUILT_PRODUCTS_DIR}/RealmSwift/RealmSwift.framework",
			);
			name = "[CP] Embed Pods Frameworks";
			outputPaths = (
				"${TARGET_BUILD_DIR}/${FRAMEWORKS_FOLDER_PATH}/ChameleonFramework.framework",
				"${TARGET_BUILD_DIR}/${FRAMEWORKS_FOLDER_PATH}/Realm.framework",
				"${TARGET_BUILD_DIR}/${FRAMEWORKS_FOLDER_PATH}/RealmSwift.framework",
			);
			runOnlyForDeploymentPostprocessing = 0;
			shellPath = /bin/sh;
			shellScript = "\"${SRCROOT}/Pods/Target Support Files/Pods-DoughFlow/Pods-DoughFlow-frameworks.sh\"\n";
			showEnvVarsInLog = 0;
		};
		CFD9C3B45152E4304137CC01 /* [CP] Check Pods Manifest.lock */ = {
			isa = PBXShellScriptBuildPhase;
			buildActionMask = 2147483647;
			files = (
			);
			inputPaths = (
				"${PODS_PODFILE_DIR_PATH}/Podfile.lock",
				"${PODS_ROOT}/Manifest.lock",
			);
			name = "[CP] Check Pods Manifest.lock";
			outputPaths = (
				"$(DERIVED_FILE_DIR)/Pods-DoughFlow-checkManifestLockResult.txt",
			);
			runOnlyForDeploymentPostprocessing = 0;
			shellPath = /bin/sh;
			shellScript = "diff \"${PODS_PODFILE_DIR_PATH}/Podfile.lock\" \"${PODS_ROOT}/Manifest.lock\" > /dev/null\nif [ $? != 0 ] ; then\n    # print error to STDERR\n    echo \"error: The sandbox is not in sync with the Podfile.lock. Run 'pod install' or update your CocoaPods installation.\" >&2\n    exit 1\nfi\n# This output is used by Xcode 'outputs' to avoid re-running this script phase.\necho \"SUCCESS\" > \"${SCRIPT_OUTPUT_FILE_0}\"\n";
			showEnvVarsInLog = 0;
		};
/* End PBXShellScriptBuildPhase section */

/* Begin PBXSourcesBuildPhase section */
		84813D8A2051AFA90045D56C /* Sources */ = {
			isa = PBXSourcesBuildPhase;
			buildActionMask = 2147483647;
			files = (
				847CAE8920572F050087AF6D /* Item.swift in Sources */,
				847CAE8D20573BDC0087AF6D /* ItemInfoViewController.swift in Sources */,
				847CAE8B20572F820087AF6D /* MainViewController.swift in Sources */,
				84813D942051AFA90045D56C /* SalaryInfoViewController.swift in Sources */,
				847CAE8F2057874F0087AF6D /* AddItemViewController.swift in Sources */,
				84813D922051AFA90045D56C /* AppDelegate.swift in Sources */,
				84813DA62052FBAD0045D56C /* UIViewControllerExtension.swift in Sources */,
			);
			runOnlyForDeploymentPostprocessing = 0;
		};
/* End PBXSourcesBuildPhase section */

/* Begin PBXVariantGroup section */
		84813D952051AFA90045D56C /* Main.storyboard */ = {
			isa = PBXVariantGroup;
			children = (
				84813D962051AFA90045D56C /* Base */,
			);
			name = Main.storyboard;
			sourceTree = "<group>";
		};
		84813D9A2051AFA90045D56C /* LaunchScreen.storyboard */ = {
			isa = PBXVariantGroup;
			children = (
				84813D9B2051AFA90045D56C /* Base */,
			);
			name = LaunchScreen.storyboard;
			sourceTree = "<group>";
		};
/* End PBXVariantGroup section */

/* Begin XCBuildConfiguration section */
		84813D9E2051AFA90045D56C /* Debug */ = {
			isa = XCBuildConfiguration;
			buildSettings = {
				ALWAYS_SEARCH_USER_PATHS = NO;
				CLANG_ANALYZER_NONNULL = YES;
				CLANG_ANALYZER_NUMBER_OBJECT_CONVERSION = YES_AGGRESSIVE;
				CLANG_CXX_LANGUAGE_STANDARD = "gnu++14";
				CLANG_CXX_LIBRARY = "libc++";
				CLANG_ENABLE_MODULES = YES;
				CLANG_ENABLE_OBJC_ARC = YES;
				CLANG_WARN_BLOCK_CAPTURE_AUTORELEASING = YES;
				CLANG_WARN_BOOL_CONVERSION = YES;
				CLANG_WARN_COMMA = YES;
				CLANG_WARN_CONSTANT_CONVERSION = YES;
				CLANG_WARN_DEPRECATED_OBJC_IMPLEMENTATIONS = YES;
				CLANG_WARN_DIRECT_OBJC_ISA_USAGE = YES_ERROR;
				CLANG_WARN_DOCUMENTATION_COMMENTS = YES;
				CLANG_WARN_EMPTY_BODY = YES;
				CLANG_WARN_ENUM_CONVERSION = YES;
				CLANG_WARN_INFINITE_RECURSION = YES;
				CLANG_WARN_INT_CONVERSION = YES;
				CLANG_WARN_NON_LITERAL_NULL_CONVERSION = YES;
				CLANG_WARN_OBJC_IMPLICIT_RETAIN_SELF = YES;
				CLANG_WARN_OBJC_LITERAL_CONVERSION = YES;
				CLANG_WARN_OBJC_ROOT_CLASS = YES_ERROR;
				CLANG_WARN_RANGE_LOOP_ANALYSIS = YES;
				CLANG_WARN_STRICT_PROTOTYPES = YES;
				CLANG_WARN_SUSPICIOUS_MOVE = YES;
				CLANG_WARN_UNGUARDED_AVAILABILITY = YES_AGGRESSIVE;
				CLANG_WARN_UNREACHABLE_CODE = YES;
				CLANG_WARN__DUPLICATE_METHOD_MATCH = YES;
				CODE_SIGN_IDENTITY = "iPhone Developer";
				COPY_PHASE_STRIP = NO;
				DEBUG_INFORMATION_FORMAT = dwarf;
				ENABLE_STRICT_OBJC_MSGSEND = YES;
				ENABLE_TESTABILITY = YES;
				GCC_C_LANGUAGE_STANDARD = gnu11;
				GCC_DYNAMIC_NO_PIC = NO;
				GCC_NO_COMMON_BLOCKS = YES;
				GCC_OPTIMIZATION_LEVEL = 0;
				GCC_PREPROCESSOR_DEFINITIONS = (
					"DEBUG=1",
					"$(inherited)",
				);
				GCC_WARN_64_TO_32_BIT_CONVERSION = YES;
				GCC_WARN_ABOUT_RETURN_TYPE = YES_ERROR;
				GCC_WARN_UNDECLARED_SELECTOR = YES;
				GCC_WARN_UNINITIALIZED_AUTOS = YES_AGGRESSIVE;
				GCC_WARN_UNUSED_FUNCTION = YES;
				GCC_WARN_UNUSED_VARIABLE = YES;
				IPHONEOS_DEPLOYMENT_TARGET = 11.2;
				MTL_ENABLE_DEBUG_INFO = YES;
				ONLY_ACTIVE_ARCH = YES;
				SDKROOT = iphoneos;
				SWIFT_ACTIVE_COMPILATION_CONDITIONS = DEBUG;
				SWIFT_OPTIMIZATION_LEVEL = "-Onone";
			};
			name = Debug;
		};
		84813D9F2051AFA90045D56C /* Release */ = {
			isa = XCBuildConfiguration;
			buildSettings = {
				ALWAYS_SEARCH_USER_PATHS = NO;
				CLANG_ANALYZER_NONNULL = YES;
				CLANG_ANALYZER_NUMBER_OBJECT_CONVERSION = YES_AGGRESSIVE;
				CLANG_CXX_LANGUAGE_STANDARD = "gnu++14";
				CLANG_CXX_LIBRARY = "libc++";
				CLANG_ENABLE_MODULES = YES;
				CLANG_ENABLE_OBJC_ARC = YES;
				CLANG_WARN_BLOCK_CAPTURE_AUTORELEASING = YES;
				CLANG_WARN_BOOL_CONVERSION = YES;
				CLANG_WARN_COMMA = YES;
				CLANG_WARN_CONSTANT_CONVERSION = YES;
				CLANG_WARN_DEPRECATED_OBJC_IMPLEMENTATIONS = YES;
				CLANG_WARN_DIRECT_OBJC_ISA_USAGE = YES_ERROR;
				CLANG_WARN_DOCUMENTATION_COMMENTS = YES;
				CLANG_WARN_EMPTY_BODY = YES;
				CLANG_WARN_ENUM_CONVERSION = YES;
				CLANG_WARN_INFINITE_RECURSION = YES;
				CLANG_WARN_INT_CONVERSION = YES;
				CLANG_WARN_NON_LITERAL_NULL_CONVERSION = YES;
				CLANG_WARN_OBJC_IMPLICIT_RETAIN_SELF = YES;
				CLANG_WARN_OBJC_LITERAL_CONVERSION = YES;
				CLANG_WARN_OBJC_ROOT_CLASS = YES_ERROR;
				CLANG_WARN_RANGE_LOOP_ANALYSIS = YES;
				CLANG_WARN_STRICT_PROTOTYPES = YES;
				CLANG_WARN_SUSPICIOUS_MOVE = YES;
				CLANG_WARN_UNGUARDED_AVAILABILITY = YES_AGGRESSIVE;
				CLANG_WARN_UNREACHABLE_CODE = YES;
				CLANG_WARN__DUPLICATE_METHOD_MATCH = YES;
				CODE_SIGN_IDENTITY = "iPhone Developer";
				COPY_PHASE_STRIP = NO;
				DEBUG_INFORMATION_FORMAT = "dwarf-with-dsym";
				ENABLE_NS_ASSERTIONS = NO;
				ENABLE_STRICT_OBJC_MSGSEND = YES;
				GCC_C_LANGUAGE_STANDARD = gnu11;
				GCC_NO_COMMON_BLOCKS = YES;
				GCC_WARN_64_TO_32_BIT_CONVERSION = YES;
				GCC_WARN_ABOUT_RETURN_TYPE = YES_ERROR;
				GCC_WARN_UNDECLARED_SELECTOR = YES;
				GCC_WARN_UNINITIALIZED_AUTOS = YES_AGGRESSIVE;
				GCC_WARN_UNUSED_FUNCTION = YES;
				GCC_WARN_UNUSED_VARIABLE = YES;
				IPHONEOS_DEPLOYMENT_TARGET = 11.2;
				MTL_ENABLE_DEBUG_INFO = NO;
				SDKROOT = iphoneos;
				SWIFT_OPTIMIZATION_LEVEL = "-Owholemodule";
				VALIDATE_PRODUCT = YES;
			};
			name = Release;
		};
		84813DA12051AFA90045D56C /* Debug */ = {
			isa = XCBuildConfiguration;
			baseConfigurationReference = 301C519B706298EA1AB81AA1 /* Pods-DoughFlow.debug.xcconfig */;
			buildSettings = {
				ASSETCATALOG_COMPILER_APPICON_NAME = AppIcon;
				CODE_SIGN_STYLE = Automatic;
				DEVELOPMENT_TEAM = 54243X79VK;
				INFOPLIST_FILE = DoughFlow/Info.plist;
				LD_RUNPATH_SEARCH_PATHS = "$(inherited) @executable_path/Frameworks";
				PRODUCT_BUNDLE_IDENTIFIER = com.doughdoughtech.doughflow;
				PRODUCT_NAME = "$(TARGET_NAME)";
				SWIFT_VERSION = 4.0;
				TARGETED_DEVICE_FAMILY = 1;
			};
			name = Debug;
		};
		84813DA22051AFA90045D56C /* Release */ = {
			isa = XCBuildConfiguration;
			baseConfigurationReference = 4B658C2E0B4EBF5A92E6186B /* Pods-DoughFlow.release.xcconfig */;
			buildSettings = {
				ASSETCATALOG_COMPILER_APPICON_NAME = AppIcon;
				CODE_SIGN_STYLE = Automatic;
				DEVELOPMENT_TEAM = 54243X79VK;
				INFOPLIST_FILE = DoughFlow/Info.plist;
				LD_RUNPATH_SEARCH_PATHS = "$(inherited) @executable_path/Frameworks";
				PRODUCT_BUNDLE_IDENTIFIER = com.doughdoughtech.doughflow;
				PRODUCT_NAME = "$(TARGET_NAME)";
				SWIFT_VERSION = 4.0;
				TARGETED_DEVICE_FAMILY = 1;
			};
			name = Release;
		};
/* End XCBuildConfiguration section */

/* Begin XCConfigurationList section */
		84813D892051AFA90045D56C /* Build configuration list for PBXProject "DoughFlow" */ = {
			isa = XCConfigurationList;
			buildConfigurations = (
				84813D9E2051AFA90045D56C /* Debug */,
				84813D9F2051AFA90045D56C /* Release */,
			);
			defaultConfigurationIsVisible = 0;
			defaultConfigurationName = Release;
		};
		84813DA02051AFA90045D56C /* Build configuration list for PBXNativeTarget "DoughFlow" */ = {
			isa = XCConfigurationList;
			buildConfigurations = (
				84813DA12051AFA90045D56C /* Debug */,
				84813DA22051AFA90045D56C /* Release */,
			);
			defaultConfigurationIsVisible = 0;
			defaultConfigurationName = Release;
		};
/* End XCConfigurationList section */
	};
	rootObject = 84813D862051AFA90045D56C /* Project object */;
}
